
Microsoft Visual Studio Solution File, Format Version 12.00
# Visual Studio Version 17
VisualStudioVersion = 17.8.34330.188
MinimumVisualStudioVersion = 10.0.40219.1
Project("{FAE04EC0-301F-11D3-BF4B-00C04F79EFBC}") = "LaRamApp", "LaRamApp\LaRamApp.csproj", "{331A625C-57E3-4340-97C1-2AC018112E69}"
EndProject
Global
	GlobalSection(SolutionConfigurationPlatforms) = preSolution
		Debug|Any CPU = Debug|Any CPU
		Release|Any CPU = Release|Any CPU
	EndGlobalSection
	GlobalSection(ProjectConfigurationPlatforms) = postSolution
		{331A625C-57E3-4340-97C1-2AC018112E69}.Debug|Any CPU.ActiveCfg = Debug|Any CPU
		{331A625C-57E3-4340-97C1-2AC018112E69}.Debug|Any CPU.Build.0 = Debug|Any CPU
		{331A625C-57E3-4340-97C1-2AC018112E69}.Debug|Any CPU.Deploy.0 = Debug|Any CPU
		{331A625C-57E3-4340-97C1-2AC018112E69}.Release|Any CPU.ActiveCfg = Release|Any CPU
		{331A625C-57E3-4340-97C1-2AC018112E69}.Release|Any CPU.Build.0 = Release|Any CPU
		{331A625C-57E3-4340-97C1-2AC018112E69}.Release|Any CPU.Deploy.0 = Release|Any CPU
	EndGlobalSection
	GlobalSection(SolutionProperties) = preSolution
		HideSolutionNode = FALSE
	EndGlobalSection
	GlobalSection(ExtensibilityGlobals) = postSolution
		SolutionGuid = {E34BD8E1-0B17-4324-95AD-AEEBE3D2C327}
	EndGlobalSection
EndGlobal
